
Microsoft Visual Studio Solution File, Format Version 12.00
# Visual Studio Version 17
VisualStudioVersion = 17.6.33829.357
MinimumVisualStudioVersion = 10.0.40219.1
Project("{FAE04EC0-301F-11D3-BF4B-00C04F79EFBC}") = "Log4Merge", "Log4Merge.csproj", "{A5B8A745-107C-4C0F-B0E5-233DC8720BD1}"
EndProject
Global
	GlobalSection(SolutionConfigurationPlatforms) = preSolution
		Debug|Any CPU = Debug|Any CPU
		Debug|x64 = Debug|x64
		Release|Any CPU = Release|Any CPU
		Release|x64 = Release|x64
	EndGlobalSection
	GlobalSection(ProjectConfigurationPlatforms) = postSolution
		{A5B8A745-107C-4C0F-B0E5-233DC8720BD1}.Debug|Any CPU.ActiveCfg = Debug|Any CPU
		{A5B8A745-107C-4C0F-B0E5-233DC8720BD1}.Debug|Any CPU.Build.0 = Debug|Any CPU
		{A5B8A745-107C-4C0F-B0E5-233DC8720BD1}.Debug|x64.ActiveCfg = Debug|x64
		{A5B8A745-107C-4C0F-B0E5-233DC8720BD1}.Debug|x64.Build.0 = Debug|x64
		{A5B8A745-107C-4C0F-B0E5-233DC8720BD1}.Release|Any CPU.ActiveCfg = Release|Any CPU
		{A5B8A745-107C-4C0F-B0E5-233DC8720BD1}.Release|Any CPU.Build.0 = Release|Any CPU
		{A5B8A745-107C-4C0F-B0E5-233DC8720BD1}.Release|x64.ActiveCfg = Release|x64
		{A5B8A745-107C-4C0F-B0E5-233DC8720BD1}.Release|x64.Build.0 = Release|x64
	EndGlobalSection
	GlobalSection(SolutionProperties) = preSolution
		HideSolutionNode = FALSE
	EndGlobalSection
	GlobalSection(ExtensibilityGlobals) = postSolution
		SolutionGuid = {1C40EB84-D488-4319-9DA3-BB3312A5EB78}
	EndGlobalSection
EndGlobal
